
Microsoft Visual Studio Solution File, Format Version 12.00
# Visual Studio 15
VisualStudioVersion = 15.0.26730.12
MinimumVisualStudioVersion = 10.0.40219.1
Project("{FAE04EC0-301F-11D3-BF4B-00C04F79EFBC}") = "WindowsFormsApp2.5", "WindowsFormsApp2\WindowsFormsApp2.5.csproj", "{03F8C601-E219-4BDF-85CA-DBCB80E58D1E}"
EndProject
Global
	GlobalSection(SolutionConfigurationPlatforms) = preSolution
		Debug|Any CPU = Debug|Any CPU
		Release|Any CPU = Release|Any CPU
	EndGlobalSection
	GlobalSection(ProjectConfigurationPlatforms) = postSolution
		{03F8C601-E219-4BDF-85CA-DBCB80E58D1E}.Debug|Any CPU.ActiveCfg = Debug|Any CPU
		{03F8C601-E219-4BDF-85CA-DBCB80E58D1E}.Debug|Any CPU.Build.0 = Debug|Any CPU
		{03F8C601-E219-4BDF-85CA-DBCB80E58D1E}.Release|Any CPU.ActiveCfg = Release|Any CPU
		{03F8C601-E219-4BDF-85CA-DBCB80E58D1E}.Release|Any CPU.Build.0 = Release|Any CPU
	EndGlobalSection
	GlobalSection(SolutionProperties) = preSolution
		HideSolutionNode = FALSE
	EndGlobalSection
	GlobalSection(ExtensibilityGlobals) = postSolution
		SolutionGuid = {A4A39B76-B25B-4E45-805E-8C75C05F75B0}
	EndGlobalSection
EndGlobal
